// !$*UTF8*$!
{
	archiveVersion = 1;
	classes = {
	};
	objectVersion = 56;
	objects = {

/* Begin PBXBuildFile section */
		04194FD129D59B8900C757B2 /* Localizable.strings in Sources */ = {isa = PBXBuildFile; fileRef = 04194FD329D59B8900C757B2 /* Localizable.strings */; };
		0426E5382A0FAA6F00040DA0 /* Lottie in Frameworks */ = {isa = PBXBuildFile; productRef = 0426E5372A0FAA6F00040DA0 /* Lottie */; };
		0426E53A2A0FAA9A00040DA0 /* Animations.swift in Sources */ = {isa = PBXBuildFile; fileRef = 0426E5392A0FAA9A00040DA0 /* Animations.swift */; };
		042B51C129CC60FE00263FD5 /* LocaleModifier.swift in Sources */ = {isa = PBXBuildFile; fileRef = 042B51C029CC60FE00263FD5 /* LocaleModifier.swift */; };
		04667CAE29C1D14D0086FC3E /* WeatherOKApp.swift in Sources */ = {isa = PBXBuildFile; fileRef = 04667CAD29C1D14D0086FC3E /* WeatherOKApp.swift */; };
		04667CB029C1D14D0086FC3E /* ContentView.swift in Sources */ = {isa = PBXBuildFile; fileRef = 04667CAF29C1D14D0086FC3E /* ContentView.swift */; };
		04667CB229C1D14E0086FC3E /* Assets.xcassets in Resources */ = {isa = PBXBuildFile; fileRef = 04667CB129C1D14E0086FC3E /* Assets.xcassets */; };
		04667CB529C1D14E0086FC3E /* Preview Assets.xcassets in Resources */ = {isa = PBXBuildFile; fileRef = 04667CB429C1D14E0086FC3E /* Preview Assets.xcassets */; };
		04667CC329C1D3190086FC3E /* GetLocation.swift in Sources */ = {isa = PBXBuildFile; fileRef = 04667CC229C1D3190086FC3E /* GetLocation.swift */; };
		04667CC529C1D3D90086FC3E /* GetWeatherModel.swift in Sources */ = {isa = PBXBuildFile; fileRef = 04667CC429C1D3D90086FC3E /* GetWeatherModel.swift */; };
		046BC23A29C48C4300EF8431 /* ResultWeatherView.swift in Sources */ = {isa = PBXBuildFile; fileRef = 046BC23929C48C4300EF8431 /* ResultWeatherView.swift */; };
		046E50E429C715D6004C9656 /* LogoView.swift in Sources */ = {isa = PBXBuildFile; fileRef = 046E50E329C715D6004C9656 /* LogoView.swift */; };
		046E50E629C71BA4004C9656 /* KeyboardObserver.swift in Sources */ = {isa = PBXBuildFile; fileRef = 046E50E529C71BA4004C9656 /* KeyboardObserver.swift */; };
		04A92D6A2A1239B800E823E6 /* GitTestView.swift in Sources */ = {isa = PBXBuildFile; fileRef = 04A92D692A1239B800E823E6 /* GitTestView.swift */; };
		04F15E5D2A0F91FC007146DC /* RainBack.json in Resources */ = {isa = PBXBuildFile; fileRef = 04F15E5C2A0F91FC007146DC /* RainBack.json */; };
/* End PBXBuildFile section */

/* Begin PBXFileReference section */
		04194FD229D59B8900C757B2 /* en */ = {isa = PBXFileReference; lastKnownFileType = text.plist.strings; name = en; path = en.lproj/Localizable.strings; sourceTree = "<group>"; };
		04194FD429D59B8D00C757B2 /* uk */ = {isa = PBXFileReference; lastKnownFileType = text.plist.strings; name = uk; path = uk.lproj/Localizable.strings; sourceTree = "<group>"; };
		04209AD62A067B04008E819C /* Info.plist */ = {isa = PBXFileReference; lastKnownFileType = text.plist; path = Info.plist; sourceTree = "<group>"; };
		0426E5392A0FAA9A00040DA0 /* Animations.swift */ = {isa = PBXFileReference; lastKnownFileType = sourcecode.swift; path = Animations.swift; sourceTree = "<group>"; };
		042B51C029CC60FE00263FD5 /* LocaleModifier.swift */ = {isa = PBXFileReference; lastKnownFileType = sourcecode.swift; path = LocaleModifier.swift; sourceTree = "<group>"; };
		044AC3B32A066DA400F3F452 /* lottieAnimation.json */ = {isa = PBXFileReference; lastKnownFileType = text.json; path = lottieAnimation.json; sourceTree = "<group>"; };
		04667CAA29C1D14D0086FC3E /* WeatherOK.app */ = {isa = PBXFileReference; explicitFileType = wrapper.application; includeInIndex = 0; path = WeatherOK.app; sourceTree = BUILT_PRODUCTS_DIR; };
		04667CAD29C1D14D0086FC3E /* WeatherOKApp.swift */ = {isa = PBXFileReference; lastKnownFileType = sourcecode.swift; path = WeatherOKApp.swift; sourceTree = "<group>"; };
		04667CAF29C1D14D0086FC3E /* ContentView.swift */ = {isa = PBXFileReference; lastKnownFileType = sourcecode.swift; path = ContentView.swift; sourceTree = "<group>"; };
		04667CB129C1D14E0086FC3E /* Assets.xcassets */ = {isa = PBXFileReference; lastKnownFileType = folder.assetcatalog; path = Assets.xcassets; sourceTree = "<group>"; };
		04667CB429C1D14E0086FC3E /* Preview Assets.xcassets */ = {isa = PBXFileReference; lastKnownFileType = folder.assetcatalog; path = "Preview Assets.xcassets"; sourceTree = "<group>"; };
		04667CC229C1D3190086FC3E /* GetLocation.swift */ = {isa = PBXFileReference; lastKnownFileType = sourcecode.swift; path = GetLocation.swift; sourceTree = "<group>"; };
		04667CC429C1D3D90086FC3E /* GetWeatherModel.swift */ = {isa = PBXFileReference; lastKnownFileType = sourcecode.swift; path = GetWeatherModel.swift; sourceTree = "<group>"; };
		046BC23929C48C4300EF8431 /* ResultWeatherView.swift */ = {isa = PBXFileReference; lastKnownFileType = sourcecode.swift; path = ResultWeatherView.swift; sourceTree = "<group>"; };
		046E50E329C715D6004C9656 /* LogoView.swift */ = {isa = PBXFileReference; lastKnownFileType = sourcecode.swift; path = LogoView.swift; sourceTree = "<group>"; };
		046E50E529C71BA4004C9656 /* KeyboardObserver.swift */ = {isa = PBXFileReference; lastKnownFileType = sourcecode.swift; path = KeyboardObserver.swift; sourceTree = "<group>"; };
		04A92D692A1239B800E823E6 /* GitTestView.swift */ = {isa = PBXFileReference; lastKnownFileType = sourcecode.swift; path = GitTestView.swift; sourceTree = "<group>"; };
		04F15E5C2A0F91FC007146DC /* RainBack.json */ = {isa = PBXFileReference; fileEncoding = 4; lastKnownFileType = text.json; name = RainBack.json; path = ../../../../Downloads/RainBack.json; sourceTree = "<group>"; };
/* End PBXFileReference section */

/* Begin PBXFrameworksBuildPhase section */
		04667CA729C1D14D0086FC3E /* Frameworks */ = {
			isa = PBXFrameworksBuildPhase;
			buildActionMask = 2147483647;
			files = (
				0426E5382A0FAA6F00040DA0 /* Lottie in Frameworks */,
			);
			runOnlyForDeploymentPostprocessing = 0;
		};
/* End PBXFrameworksBuildPhase section */

/* Begin PBXGroup section */
		042B51C329CC614D00263FD5 /* Helpers */ = {
			isa = PBXGroup;
			children = (
				04667CC429C1D3D90086FC3E /* GetWeatherModel.swift */,
				04667CC229C1D3190086FC3E /* GetLocation.swift */,
				046E50E529C71BA4004C9656 /* KeyboardObserver.swift */,
				042B51C029CC60FE00263FD5 /* LocaleModifier.swift */,
				0426E5392A0FAA9A00040DA0 /* Animations.swift */,
				044AC3B32A066DA400F3F452 /* lottieAnimation.json */,
				04F15E5C2A0F91FC007146DC /* RainBack.json */,
				04194FD329D59B8900C757B2 /* Localizable.strings */,
			);
			path = Helpers;
			sourceTree = "<group>";
		};
		04667CA129C1D14D0086FC3E = {
			isa = PBXGroup;
			children = (
				04667CAC29C1D14D0086FC3E /* WeatherOK */,
				04667CAB29C1D14D0086FC3E /* Products */,
			);
			sourceTree = "<group>";
		};
		04667CAB29C1D14D0086FC3E /* Products */ = {
			isa = PBXGroup;
			children = (
				04667CAA29C1D14D0086FC3E /* WeatherOK.app */,
			);
			name = Products;
			sourceTree = "<group>";
		};
		04667CAC29C1D14D0086FC3E /* WeatherOK */ = {
			isa = PBXGroup;
			children = (
				04209AD62A067B04008E819C /* Info.plist */,
				04667CAD29C1D14D0086FC3E /* WeatherOKApp.swift */,
				04667CAF29C1D14D0086FC3E /* ContentView.swift */,
				04A92D692A1239B800E823E6 /* GitTestView.swift */,
				046E50E329C715D6004C9656 /* LogoView.swift */,
				046BC23929C48C4300EF8431 /* ResultWeatherView.swift */,
				042B51C329CC614D00263FD5 /* Helpers */,
				04667CB129C1D14E0086FC3E /* Assets.xcassets */,
				04667CB329C1D14E0086FC3E /* Preview Content */,
			);
			path = WeatherOK;
			sourceTree = "<group>";
		};
		04667CB329C1D14E0086FC3E /* Preview Content */ = {
			isa = PBXGroup;
			children = (
				04667CB429C1D14E0086FC3E /* Preview Assets.xcassets */,
			);
			path = "Preview Content";
			sourceTree = "<group>";
		};
/* End PBXGroup section */

/* Begin PBXNativeTarget section */
		04667CA929C1D14D0086FC3E /* WeatherOK */ = {
			isa = PBXNativeTarget;
			buildConfigurationList = 04667CBD29C1D14E0086FC3E /* Build configuration list for PBXNativeTarget "WeatherOK" */;
			buildPhases = (
				04667CA629C1D14D0086FC3E /* Sources */,
				04667CA729C1D14D0086FC3E /* Frameworks */,
				04667CA829C1D14D0086FC3E /* Resources */,
			);
			buildRules = (
			);
			dependencies = (
			);
			name = WeatherOK;
			packageProductDependencies = (
				0426E5372A0FAA6F00040DA0 /* Lottie */,
			);
			productName = WeatherOK;
			productReference = 04667CAA29C1D14D0086FC3E /* WeatherOK.app */;
			productType = "com.apple.product-type.application";
		};
/* End PBXNativeTarget section */

/* Begin PBXProject section */
		04667CA229C1D14D0086FC3E /* Project object */ = {
			isa = PBXProject;
			attributes = {
				BuildIndependentTargetsInParallel = 1;
				LastSwiftUpdateCheck = 1420;
				LastUpgradeCheck = 1420;
				TargetAttributes = {
					04667CA929C1D14D0086FC3E = {
						CreatedOnToolsVersion = 14.2;
					};
				};
			};
			buildConfigurationList = 04667CA529C1D14D0086FC3E /* Build configuration list for PBXProject "WeatherOK" */;
			compatibilityVersion = "Xcode 14.0";
			developmentRegion = en;
			hasScannedForEncodings = 0;
			knownRegions = (
				en,
				Base,
				uk,
			);
			mainGroup = 04667CA129C1D14D0086FC3E;
			packageReferences = (
				0426E5362A0FAA6F00040DA0 /* XCRemoteSwiftPackageReference "lottie-spm" */,
			);
			productRefGroup = 04667CAB29C1D14D0086FC3E /* Products */;
			projectDirPath = "";
			projectRoot = "";
			targets = (
				04667CA929C1D14D0086FC3E /* WeatherOK */,
			);
		};
/* End PBXProject section */

/* Begin PBXResourcesBuildPhase section */
		04667CA829C1D14D0086FC3E /* Resources */ = {
			isa = PBXResourcesBuildPhase;
			buildActionMask = 2147483647;
			files = (
				04F15E5D2A0F91FC007146DC /* RainBack.json in Resources */,
				04667CB529C1D14E0086FC3E /* Preview Assets.xcassets in Resources */,
				04667CB229C1D14E0086FC3E /* Assets.xcassets in Resources */,
			);
			runOnlyForDeploymentPostprocessing = 0;
		};
/* End PBXResourcesBuildPhase section */

/* Begin PBXSourcesBuildPhase section */
		04667CA629C1D14D0086FC3E /* Sources */ = {
			isa = PBXSourcesBuildPhase;
			buildActionMask = 2147483647;
			files = (
				04667CB029C1D14D0086FC3E /* ContentView.swift in Sources */,
				04A92D6A2A1239B800E823E6 /* GitTestView.swift in Sources */,
				042B51C129CC60FE00263FD5 /* LocaleModifier.swift in Sources */,
				046E50E429C715D6004C9656 /* LogoView.swift in Sources */,
				046E50E629C71BA4004C9656 /* KeyboardObserver.swift in Sources */,
				04667CC529C1D3D90086FC3E /* GetWeatherModel.swift in Sources */,
				04667CAE29C1D14D0086FC3E /* WeatherOKApp.swift in Sources */,
				0426E53A2A0FAA9A00040DA0 /* Animations.swift in Sources */,
				046BC23A29C48C4300EF8431 /* ResultWeatherView.swift in Sources */,
				04194FD129D59B8900C757B2 /* Localizable.strings in Sources */,
				04667CC329C1D3190086FC3E /* GetLocation.swift in Sources */,
			);
			runOnlyForDeploymentPostprocessing = 0;
		};
/* End PBXSourcesBuildPhase section */

/* Begin PBXVariantGroup section */
		04194FD329D59B8900C757B2 /* Localizable.strings */ = {
			isa = PBXVariantGroup;
			children = (
				04194FD229D59B8900C757B2 /* en */,
				04194FD429D59B8D00C757B2 /* uk */,
			);
			name = Localizable.strings;
			sourceTree = "<group>";
		};
/* End PBXVariantGroup section */

/* Begin XCBuildConfiguration section */
		04667CBB29C1D14E0086FC3E /* Debug */ = {
			isa = XCBuildConfiguration;
			buildSettings = {
				ALWAYS_SEARCH_USER_PATHS = NO;
				CLANG_ANALYZER_NONNULL = YES;
				CLANG_ANALYZER_NUMBER_OBJECT_CONVERSION = YES_AGGRESSIVE;
				CLANG_CXX_LANGUAGE_STANDARD = "gnu++20";
				CLANG_ENABLE_MODULES = YES;
				CLANG_ENABLE_OBJC_ARC = YES;
				CLANG_ENABLE_OBJC_WEAK = YES;
				CLANG_WARN_BLOCK_CAPTURE_AUTORELEASING = YES;
				CLANG_WARN_BOOL_CONVERSION = YES;
				CLANG_WARN_COMMA = YES;
				CLANG_WARN_CONSTANT_CONVERSION = YES;
				CLANG_WARN_DEPRECATED_OBJC_IMPLEMENTATIONS = YES;
				CLANG_WARN_DIRECT_OBJC_ISA_USAGE = YES_ERROR;
				CLANG_WARN_DOCUMENTATION_COMMENTS = YES;
				CLANG_WARN_EMPTY_BODY = YES;
				CLANG_WARN_ENUM_CONVERSION = YES;
				CLANG_WARN_INFINITE_RECURSION = YES;
				CLANG_WARN_INT_CONVERSION = YES;
				CLANG_WARN_NON_LITERAL_NULL_CONVERSION = YES;
				CLANG_WARN_OBJC_IMPLICIT_RETAIN_SELF = YES;
				CLANG_WARN_OBJC_LITERAL_CONVERSION = YES;
				CLANG_WARN_OBJC_ROOT_CLASS = YES_ERROR;
				CLANG_WARN_QUOTED_INCLUDE_IN_FRAMEWORK_HEADER = YES;
				CLANG_WARN_RANGE_LOOP_ANALYSIS = YES;
				CLANG_WARN_STRICT_PROTOTYPES = YES;
				CLANG_WARN_SUSPICIOUS_MOVE = YES;
				CLANG_WARN_UNGUARDED_AVAILABILITY = YES_AGGRESSIVE;
				CLANG_WARN_UNREACHABLE_CODE = YES;
				CLANG_WARN__DUPLICATE_METHOD_MATCH = YES;
				COPY_PHASE_STRIP = NO;
				DEBUG_INFORMATION_FORMAT = dwarf;
				ENABLE_STRICT_OBJC_MSGSEND = YES;
				ENABLE_TESTABILITY = YES;
				GCC_C_LANGUAGE_STANDARD = gnu11;
				GCC_DYNAMIC_NO_PIC = NO;
				GCC_NO_COMMON_BLOCKS = YES;
				GCC_OPTIMIZATION_LEVEL = 0;
				GCC_PREPROCESSOR_DEFINITIONS = (
					"DEBUG=1",
					"$(inherited)",
				);
				GCC_WARN_64_TO_32_BIT_CONVERSION = YES;
				GCC_WARN_ABOUT_RETURN_TYPE = YES_ERROR;
				GCC_WARN_UNDECLARED_SELECTOR = YES;
				GCC_WARN_UNINITIALIZED_AUTOS = YES_AGGRESSIVE;
				GCC_WARN_UNUSED_FUNCTION = YES;
				GCC_WARN_UNUSED_VARIABLE = YES;
				IPHONEOS_DEPLOYMENT_TARGET = 16.2;
				MTL_ENABLE_DEBUG_INFO = INCLUDE_SOURCE;
				MTL_FAST_MATH = YES;
				ONLY_ACTIVE_ARCH = YES;
				SDKROOT = iphoneos;
				SWIFT_ACTIVE_COMPILATION_CONDITIONS = DEBUG;
				SWIFT_OPTIMIZATION_LEVEL = "-Onone";
			};
			name = Debug;
		};
		04667CBC29C1D14E0086FC3E /* Release */ = {
			isa = XCBuildConfiguration;
			buildSettings = {
				ALWAYS_SEARCH_USER_PATHS = NO;
				CLANG_ANALYZER_NONNULL = YES;
				CLANG_ANALYZER_NUMBER_OBJECT_CONVERSION = YES_AGGRESSIVE;
				CLANG_CXX_LANGUAGE_STANDARD = "gnu++20";
				CLANG_ENABLE_MODULES = YES;
				CLANG_ENABLE_OBJC_ARC = YES;
				CLANG_ENABLE_OBJC_WEAK = YES;
				CLANG_WARN_BLOCK_CAPTURE_AUTORELEASING = YES;
				CLANG_WARN_BOOL_CONVERSION = YES;
				CLANG_WARN_COMMA = YES;
				CLANG_WARN_CONSTANT_CONVERSION = YES;
				CLANG_WARN_DEPRECATED_OBJC_IMPLEMENTATIONS = YES;
				CLANG_WARN_DIRECT_OBJC_ISA_USAGE = YES_ERROR;
				CLANG_WARN_DOCUMENTATION_COMMENTS = YES;
				CLANG_WARN_EMPTY_BODY = YES;
				CLANG_WARN_ENUM_CONVERSION = YES;
				CLANG_WARN_INFINITE_RECURSION = YES;
				CLANG_WARN_INT_CONVERSION = YES;
				CLANG_WARN_NON_LITERAL_NULL_CONVERSION = YES;
				CLANG_WARN_OBJC_IMPLICIT_RETAIN_SELF = YES;
				CLANG_WARN_OBJC_LITERAL_CONVERSION = YES;
				CLANG_WARN_OBJC_ROOT_CLASS = YES_ERROR;
				CLANG_WARN_QUOTED_INCLUDE_IN_FRAMEWORK_HEADER = YES;
				CLANG_WARN_RANGE_LOOP_ANALYSIS = YES;
				CLANG_WARN_STRICT_PROTOTYPES = YES;
				CLANG_WARN_SUSPICIOUS_MOVE = YES;
				CLANG_WARN_UNGUARDED_AVAILABILITY = YES_AGGRESSIVE;
				CLANG_WARN_UNREACHABLE_CODE = YES;
				CLANG_WARN__DUPLICATE_METHOD_MATCH = YES;
				COPY_PHASE_STRIP = NO;
				DEBUG_INFORMATION_FORMAT = "dwarf-with-dsym";
				ENABLE_NS_ASSERTIONS = NO;
				ENABLE_STRICT_OBJC_MSGSEND = YES;
				GCC_C_LANGUAGE_STANDARD = gnu11;
				GCC_NO_COMMON_BLOCKS = YES;
				GCC_WARN_64_TO_32_BIT_CONVERSION = YES;
				GCC_WARN_ABOUT_RETURN_TYPE = YES_ERROR;
				GCC_WARN_UNDECLARED_SELECTOR = YES;
				GCC_WARN_UNINITIALIZED_AUTOS = YES_AGGRESSIVE;
				GCC_WARN_UNUSED_FUNCTION = YES;
				GCC_WARN_UNUSED_VARIABLE = YES;
				IPHONEOS_DEPLOYMENT_TARGET = 16.2;
				MTL_ENABLE_DEBUG_INFO = NO;
				MTL_FAST_MATH = YES;
				SDKROOT = iphoneos;
				SWIFT_COMPILATION_MODE = wholemodule;
				SWIFT_OPTIMIZATION_LEVEL = "-O";
				VALIDATE_PRODUCT = YES;
			};
			name = Release;
		};
		04667CBE29C1D14E0086FC3E /* Debug */ = {
			isa = XCBuildConfiguration;
			buildSettings = {
				ASSETCATALOG_COMPILER_APPICON_NAME = AppIcon;
				ASSETCATALOG_COMPILER_GLOBAL_ACCENT_COLOR_NAME = AccentColor;
				CODE_SIGN_STYLE = Automatic;
				CURRENT_PROJECT_VERSION = 1;
				DEVELOPMENT_ASSET_PATHS = "\"WeatherOK/Preview Content\"";
				DEVELOPMENT_TEAM = 4395FH4L77;
				ENABLE_PREVIEWS = YES;
				GENERATE_INFOPLIST_FILE = YES;
				INFOPLIST_FILE = WeatherOK/Info.plist;
				INFOPLIST_KEY_CFBundleDisplayName = WeatherOK;
				INFOPLIST_KEY_LSApplicationCategoryType = "";
				INFOPLIST_KEY_NSLocationWhenInUseUsageDescription = "Use for show wheather in your location";
				INFOPLIST_KEY_UIApplicationSceneManifest_Generation = YES;
				INFOPLIST_KEY_UIApplicationSupportsIndirectInputEvents = YES;
				INFOPLIST_KEY_UILaunchScreen_Generation = YES;
				INFOPLIST_KEY_UISupportedInterfaceOrientations = UIInterfaceOrientationPortrait;
				INFOPLIST_KEY_UISupportedInterfaceOrientations_iPad = "UIInterfaceOrientationLandscapeLeft UIInterfaceOrientationLandscapeRight UIInterfaceOrientationPortrait UIInterfaceOrientationPortraitUpsideDown";
				LD_RUNPATH_SEARCH_PATHS = (
					"$(inherited)",
					"@executable_path/Frameworks",
				);
				MARKETING_VERSION = 1.0;
				PRODUCT_BUNDLE_IDENTIFIER = ua.energy.WeatherOK;
				PRODUCT_NAME = "$(TARGET_NAME)";
				SUPPORTED_PLATFORMS = "iphoneos iphonesimulator";
				SUPPORTS_MACCATALYST = NO;
				SUPPORTS_MAC_DESIGNED_FOR_IPHONE_IPAD = NO;
				SWIFT_EMIT_LOC_STRINGS = YES;
				SWIFT_VERSION = 5.0;
				TARGETED_DEVICE_FAMILY = 1;
			};
			name = Debug;
		};
		04667CBF29C1D14E0086FC3E /* Release */ = {
			isa = XCBuildConfiguration;
			buildSettings = {
				ASSETCATALOG_COMPILER_APPICON_NAME = AppIcon;
				ASSETCATALOG_COMPILER_GLOBAL_ACCENT_COLOR_NAME = AccentColor;
				CODE_SIGN_STYLE = Automatic;
				CURRENT_PROJECT_VERSION = 1;
				DEVELOPMENT_ASSET_PATHS = "\"WeatherOK/Preview Content\"";
				DEVELOPMENT_TEAM = 4395FH4L77;
				ENABLE_PREVIEWS = YES;
				GENERATE_INFOPLIST_FILE = YES;
				INFOPLIST_FILE = WeatherOK/Info.plist;
				INFOPLIST_KEY_CFBundleDisplayName = WeatherOK;
				INFOPLIST_KEY_LSApplicationCategoryType = "";
				INFOPLIST_KEY_NSLocationWhenInUseUsageDescription = "Use for show wheather in your location";
				INFOPLIST_KEY_UIApplicationSceneManifest_Generation = YES;
				INFOPLIST_KEY_UIApplicationSupportsIndirectInputEvents = YES;
				INFOPLIST_KEY_UILaunchScreen_Generation = YES;
				INFOPLIST_KEY_UISupportedInterfaceOrientations = UIInterfaceOrientationPortrait;
				INFOPLIST_KEY_UISupportedInterfaceOrientations_iPad = "UIInterfaceOrientationLandscapeLeft UIInterfaceOrientationLandscapeRight UIInterfaceOrientationPortrait UIInterfaceOrientationPortraitUpsideDown";
				LD_RUNPATH_SEARCH_PATHS = (
					"$(inherited)",
					"@executable_path/Frameworks",
				);
				MARKETING_VERSION = 1.0;
				PRODUCT_BUNDLE_IDENTIFIER = ua.energy.WeatherOK;
				PRODUCT_NAME = "$(TARGET_NAME)";
				SUPPORTED_PLATFORMS = "iphoneos iphonesimulator";
				SUPPORTS_MACCATALYST = NO;
				SUPPORTS_MAC_DESIGNED_FOR_IPHONE_IPAD = NO;
				SWIFT_EMIT_LOC_STRINGS = YES;
				SWIFT_VERSION = 5.0;
				TARGETED_DEVICE_FAMILY = 1;
			};
			name = Release;
		};
/* End XCBuildConfiguration section */

/* Begin XCConfigurationList section */
		04667CA529C1D14D0086FC3E /* Build configuration list for PBXProject "WeatherOK" */ = {
			isa = XCConfigurationList;
			buildConfigurations = (
				04667CBB29C1D14E0086FC3E /* Debug */,
				04667CBC29C1D14E0086FC3E /* Release */,
			);
			defaultConfigurationIsVisible = 0;
			defaultConfigurationName = Release;
		};
		04667CBD29C1D14E0086FC3E /* Build configuration list for PBXNativeTarget "WeatherOK" */ = {
			isa = XCConfigurationList;
			buildConfigurations = (
				04667CBE29C1D14E0086FC3E /* Debug */,
				04667CBF29C1D14E0086FC3E /* Release */,
			);
			defaultConfigurationIsVisible = 0;
			defaultConfigurationName = Release;
		};
/* End XCConfigurationList section */

/* Begin XCRemoteSwiftPackageReference section */
		0426E5362A0FAA6F00040DA0 /* XCRemoteSwiftPackageReference "lottie-spm" */ = {
			isa = XCRemoteSwiftPackageReference;
			repositoryURL = "https://github.com/airbnb/lottie-spm";
			requirement = {
				kind = upToNextMajorVersion;
				minimumVersion = 4.0.0;
			};
		};
/* End XCRemoteSwiftPackageReference section */

/* Begin XCSwiftPackageProductDependency section */
		0426E5372A0FAA6F00040DA0 /* Lottie */ = {
			isa = XCSwiftPackageProductDependency;
			package = 0426E5362A0FAA6F00040DA0 /* XCRemoteSwiftPackageReference "lottie-spm" */;
			productName = Lottie;
		};
/* End XCSwiftPackageProductDependency section */
	};
	rootObject = 04667CA229C1D14D0086FC3E /* Project object */;
}
